<?xml version="1.0" encoding="utf-8"?>
<Project ToolsVersion="4.0" xmlns="http://schemas.microsoft.com/developer/msbuild/2003">
  <ItemGroup>
    <Filter Include="Source Files">
      <UniqueIdentifier>{4FC737F1-C7A5-4376-A066-2A32D752A2FF}</UniqueIdentifier>
      <Extensions>cpp;c;cc;cxx;def;odl;idl;hpj;bat;asm;asmx</Extensions>
    </Filter>
    <Filter Include="Resource Files">
      <UniqueIdentifier>{67DA6AB6-F800-4c08-8B7A-83BB121AAD01}</UniqueIdentifier>
      <Extensions>rc;ico;cur;bmp;dlg;rc2;rct;bin;rgs;gif;jpg;jpeg;jpe;resx;tiff;tif;png;wav</Extensions>
    </Filter>
    <Filter Include="Addon Managers">
      <UniqueIdentifier>{75fa3248-3296-4091-a49f-c42c7c9afd2a}</UniqueIdentifier>
    </Filter>
    <Filter Include="Addon Managers\UnitGroup Manager">
      <UniqueIdentifier>{37df545d-8ed5-4482-b5fc-07ee20dc3e13}</UniqueIdentifier>
    </Filter>
    <Filter Include="Addon Managers\Worker Manager">
      <UniqueIdentifier>{d31d17d9-530e-4536-8577-cb8da6a01533}</UniqueIdentifier>
    </Filter>
    <Filter Include="Addon Managers\Information Manager">
      <UniqueIdentifier>{e1c33c1c-b505-4d64-be02-4f53db976393}</UniqueIdentifier>
    </Filter>
    <Filter Include="Addon Managers\Build Manager">
      <UniqueIdentifier>{10453370-122d-4168-a75b-d861d177b266}</UniqueIdentifier>
    </Filter>
    <Filter Include="Addon Managers\Base Manager">
      <UniqueIdentifier>{a2a6de4e-2788-4174-b529-254d23fefd29}</UniqueIdentifier>
    </Filter>
    <Filter Include="Addon Managers\Supply Manager">
      <UniqueIdentifier>{0253164a-bbd1-411d-a03d-e3404a5b1e4a}</UniqueIdentifier>
    </Filter>
    <Filter Include="Addon Managers\Building Placer">
      <UniqueIdentifier>{a8ddd78c-2438-4016-aef4-076b7f4acc6d}</UniqueIdentifier>
    </Filter>
    <Filter Include="Addon Managers\Arbitrator">
      <UniqueIdentifier>{826d4d6a-2cbd-4ca8-8194-94d87bff115a}</UniqueIdentifier>
    </Filter>
    <Filter Include="Addon Managers\TechManager">
      <UniqueIdentifier>{1ccdcc79-ccb8-4d4f-9597-c3e8f0aa63d6}</UniqueIdentifier>
    </Filter>
    <Filter Include="Addon Managers\UpgradeManager">
      <UniqueIdentifier>{23e321a4-bc1f-48d5-8104-eafc8d4e66c7}</UniqueIdentifier>
    </Filter>
    <Filter Include="Addon Managers\BuildOrderManager">
      <UniqueIdentifier>{2fa089c5-1c96-4487-812d-c6d4bd28108a}</UniqueIdentifier>
    </Filter>
    <Filter Include="Addon Managers\Terrain Manager">
      <UniqueIdentifier>{34c7f0e4-1c99-4204-8a53-2f9454aeb0f8}</UniqueIdentifier>
    </Filter>
    <Filter Include="Addon Managers\MacroManager">
      <UniqueIdentifier>{18575691-d6cc-4fd3-a6fa-40541068e5f1}</UniqueIdentifier>
    </Filter>
    <Filter Include="Addon Managers\Simulator">
      <UniqueIdentifier>{e9ca1b19-baff-4ef2-9f08-5f56c88a5f04}</UniqueIdentifier>
    </Filter>
    <Filter Include="Addon Managers\Scout Manager">
      <UniqueIdentifier>{4e14db9b-2645-498f-a962-88c905513db9}</UniqueIdentifier>
    </Filter>
    <Filter Include="Addon Managers\Scout Manager\ScoutController-PF">
      <UniqueIdentifier>{b2723280-dc6f-4ab8-8273-40fb940599ec}</UniqueIdentifier>
    </Filter>
    <Filter Include="Addon Managers\Game Rules">
      <UniqueIdentifier>{ba1f46f7-2b78-4a18-8f4c-e32be46b03db}</UniqueIdentifier>
    </Filter>
    <Filter Include="Addon Managers\Terrain Graph">
      <UniqueIdentifier>{8be69581-00ca-4679-9317-8de8ff2ee680}</UniqueIdentifier>
    </Filter>
    <Filter Include="Addon Managers\Helper">
      <UniqueIdentifier>{fed901ba-f23b-4582-80df-7ebcbc36cc3c}</UniqueIdentifier>
    </Filter>
    <Filter Include="Addon Managers\Helper\json">
      <UniqueIdentifier>{52bc9e04-861b-4ab4-8a49-88267602f844}</UniqueIdentifier>
    </Filter>
    <Filter Include="Header Files">
      <UniqueIdentifier>{93995380-89BD-4b04-88EB-625FBE52EBFB}</UniqueIdentifier>
      <Extensions>h;hpp;hxx;hm;inl;inc;xsd</Extensions>
    </Filter>
  </ItemGroup>
  <ItemGroup>
    <ClCompile Include="Addon Managers\Common.cpp">
      <Filter>Source Files</Filter>
    </ClCompile>
    <ClCompile Include="Source\Dll.cpp">
      <Filter>Source Files</Filter>
    </ClCompile>
    <ClCompile Include="Addon Managers\EnhancedUI.cpp">
      <Filter>Source Files</Filter>
    </ClCompile>
    <ClCompile Include="Source\ICEStarCraft.cpp">
      <Filter>Source Files</Filter>
    </ClCompile>
    <ClCompile Include="Addon Managers\UnitGroup.cpp">
      <Filter>Addon Managers\UnitGroup Manager</Filter>
    </ClCompile>
    <ClCompile Include="Addon Managers\UnitGroupManager.cpp">
      <Filter>Addon Managers\UnitGroup Manager</Filter>
    </ClCompile>
    <ClCompile Include="Addon Managers\WorkerManager.cpp">
      <Filter>Addon Managers\Worker Manager</Filter>
    </ClCompile>
    <ClCompile Include="Addon Managers\EnemyUnit.cpp">
      <Filter>Addon Managers\Information Manager</Filter>
    </ClCompile>
    <ClCompile Include="Addon Managers\InformationManager.cpp">
      <Filter>Addon Managers\Information Manager</Filter>
    </ClCompile>
    <ClCompile Include="Addon Managers\MentalState.cpp">
      <Filter>Addon Managers\Information Manager</Filter>
    </ClCompile>
    <ClCompile Include="Addon Managers\BuildManager.cpp">
      <Filter>Addon Managers\Build Manager</Filter>
    </ClCompile>
    <ClCompile Include="Addon Managers\ConstructionManager.cpp">
      <Filter>Addon Managers\Build Manager</Filter>
    </ClCompile>
    <ClCompile Include="Addon Managers\ProductionManager.cpp">
      <Filter>Addon Managers\Build Manager</Filter>
    </ClCompile>
    <ClCompile Include="Addon Managers\Base.cpp">
      <Filter>Addon Managers\Base Manager</Filter>
    </ClCompile>
    <ClCompile Include="Addon Managers\BaseManager.cpp">
      <Filter>Addon Managers\Base Manager</Filter>
    </ClCompile>
    <ClCompile Include="Addon Managers\SupplyManager.cpp">
      <Filter>Addon Managers\Supply Manager</Filter>
    </ClCompile>
    <ClCompile Include="Addon Managers\BuildingPlacer.cpp">
      <Filter>Addon Managers\Building Placer</Filter>
    </ClCompile>
    <ClCompile Include="Addon Managers\TechManager.cpp">
      <Filter>Addon Managers\TechManager</Filter>
    </ClCompile>
    <ClCompile Include="Addon Managers\UpgradeManager.cpp">
      <Filter>Addon Managers\UpgradeManager</Filter>
    </ClCompile>
    <ClCompile Include="Addon Managers\BuildOrderManager.cpp">
      <Filter>Addon Managers\BuildOrderManager</Filter>
    </ClCompile>
    <ClCompile Include="Addon Managers\MetaUnit.cpp">
      <Filter>Addon Managers\BuildOrderManager</Filter>
    </ClCompile>
    <ClCompile Include="Addon Managers\UnitItem.cpp">
      <Filter>Addon Managers\BuildOrderManager</Filter>
    </ClCompile>
    <ClCompile Include="Addon Managers\MapInfo.cpp">
      <Filter>Addon Managers\Terrain Manager</Filter>
    </ClCompile>
    <ClCompile Include="Addon Managers\TerrainManager.cpp">
      <Filter>Addon Managers\Terrain Manager</Filter>
    </ClCompile>
    <ClCompile Include="Addon Managers\ArmyManager.cpp">
      <Filter>Addon Managers\MacroManager</Filter>
    </ClCompile>
    <ClCompile Include="Addon Managers\BaseDefenseManager.cpp">
      <Filter>Addon Managers\MacroManager</Filter>
    </ClCompile>
    <ClCompile Include="Addon Managers\BattleManager.cpp">
      <Filter>Addon Managers\MacroManager</Filter>
    </ClCompile>
    <ClCompile Include="Addon Managers\DropManager.cpp">
      <Filter>Addon Managers\MacroManager</Filter>
    </ClCompile>
    <ClCompile Include="Addon Managers\MicroUnitControl.cpp">
      <Filter>Addon Managers\MacroManager</Filter>
    </ClCompile>
    <ClCompile Include="Addon Managers\MineManager.cpp">
      <Filter>Addon Managers\MacroManager</Filter>
    </ClCompile>
    <ClCompile Include="Addon Managers\EnemyStandard.cpp">
      <Filter>Addon Managers\Simulator</Filter>
    </ClCompile>
    <ClCompile Include="Addon Managers\Simulator.cpp">
      <Filter>Addon Managers\Simulator</Filter>
    </ClCompile>
    <ClCompile Include="Addon Managers\ScoutManager.cpp">
      <Filter>Addon Managers\Scout Manager</Filter>
    </ClCompile>
    <ClCompile Include="Addon Managers\ScoutController.cpp">
      <Filter>Addon Managers\Scout Manager\ScoutController-PF</Filter>
    </ClCompile>
    <ClCompile Include="Addon Managers\GameFlow.cpp">
      <Filter>Addon Managers\Game Rules</Filter>
    </ClCompile>
    <ClCompile Include="Addon Managers\vsProtossRules.cpp">
      <Filter>Addon Managers\Game Rules</Filter>
    </ClCompile>
    <ClCompile Include="Addon Managers\TerrainGraph.cpp">
      <Filter>Addon Managers\Terrain Graph</Filter>
    </ClCompile>
    <ClCompile Include="Addon Managers\Config.cpp">
      <Filter>Addon Managers\Helper</Filter>
    </ClCompile>
    <ClCompile Include="Addon Managers\Helper.cpp">
      <Filter>Addon Managers\Helper</Filter>
    </ClCompile>
    <ClCompile Include="Addon Managers\PFFunctions.cpp">
      <Filter>Addon Managers\Helper</Filter>
    </ClCompile>
    <ClCompile Include="Addon Managers\Vector2.cpp">
      <Filter>Addon Managers\Helper</Filter>
    </ClCompile>
    <ClCompile Include="..\include\json\jsoncpp.cpp">
      <Filter>Addon Managers\Helper\json</Filter>
    </ClCompile>
    <ClCompile Include="Addon Managers\MacroUnitControl.cpp">
      <Filter>Addon Managers\MacroManager</Filter>
    </ClCompile>
  </ItemGroup>
  <ItemGroup>
    <ClInclude Include="..\include\EnhancedUI.h">
      <Filter>Source Files</Filter>
    </ClInclude>
    <ClInclude Include="..\include\UnitGroup.h">
      <Filter>Addon Managers\UnitGroup Manager</Filter>
    </ClInclude>
    <ClInclude Include="..\include\UnitGroupManager.h">
      <Filter>Addon Managers\UnitGroup Manager</Filter>
    </ClInclude>
    <ClInclude Include="..\include\WorkerManager.h">
      <Filter>Addon Managers\Worker Manager</Filter>
    </ClInclude>
    <ClInclude Include="..\include\EnemyUnit.h">
      <Filter>Addon Managers\Information Manager</Filter>
    </ClInclude>
    <ClInclude Include="..\include\InformationManager.h">
      <Filter>Addon Managers\Information Manager</Filter>
    </ClInclude>
    <ClInclude Include="..\include\MentalState.h">
      <Filter>Addon Managers\Information Manager</Filter>
    </ClInclude>
    <ClInclude Include="..\include\BuildManager.h">
      <Filter>Addon Managers\Build Manager</Filter>
    </ClInclude>
    <ClInclude Include="..\include\ConstructionManager.h">
      <Filter>Addon Managers\Build Manager</Filter>
    </ClInclude>
    <ClInclude Include="..\include\ProductionManager.h">
      <Filter>Addon Managers\Build Manager</Filter>
    </ClInclude>
    <ClInclude Include="..\include\Base.h">
      <Filter>Addon Managers\Base Manager</Filter>
    </ClInclude>
    <ClInclude Include="..\include\BaseManager.h">
      <Filter>Addon Managers\Base Manager</Filter>
    </ClInclude>
    <ClInclude Include="..\include\SupplyManager.h">
      <Filter>Addon Managers\Supply Manager</Filter>
    </ClInclude>
    <ClInclude Include="..\include\BuildingPlacer.h">
      <Filter>Addon Managers\Building Placer</Filter>
    </ClInclude>
    <ClInclude Include="..\include\Arbitrator.h">
      <Filter>Addon Managers\Arbitrator</Filter>
    </ClInclude>
    <ClInclude Include="..\include\Controller.h">
      <Filter>Addon Managers\Arbitrator</Filter>
    </ClInclude>
    <ClInclude Include="..\include\Heap.h">
      <Filter>Addon Managers\Arbitrator</Filter>
    </ClInclude>
    <ClInclude Include="..\include\TechManager.h">
      <Filter>Addon Managers\TechManager</Filter>
    </ClInclude>
    <ClInclude Include="..\include\UpgradeManager.h">
      <Filter>Addon Managers\UpgradeManager</Filter>
    </ClInclude>
    <ClInclude Include="..\include\BuildOrderManager.h">
      <Filter>Addon Managers\BuildOrderManager</Filter>
    </ClInclude>
    <ClInclude Include="..\include\TechItem.h">
      <Filter>Addon Managers\BuildOrderManager</Filter>
    </ClInclude>
    <ClInclude Include="..\include\UnitItem.h">
      <Filter>Addon Managers\BuildOrderManager</Filter>
    </ClInclude>
    <ClInclude Include="..\include\MapInfo.h">
      <Filter>Addon Managers\Terrain Manager</Filter>
    </ClInclude>
    <ClInclude Include="..\include\TerrainManager.h">
      <Filter>Addon Managers\Terrain Manager</Filter>
    </ClInclude>
    <ClInclude Include="..\include\ArmyManager.h">
      <Filter>Addon Managers\MacroManager</Filter>
    </ClInclude>
    <ClInclude Include="..\include\BaseDefenseManager.h">
      <Filter>Addon Managers\MacroManager</Filter>
    </ClInclude>
    <ClInclude Include="..\include\BattleManager.h">
      <Filter>Addon Managers\MacroManager</Filter>
    </ClInclude>
    <ClInclude Include="..\include\DropManager.h">
      <Filter>Addon Managers\MacroManager</Filter>
    </ClInclude>
    <ClInclude Include="..\include\MacroUnitControl.h">
      <Filter>Addon Managers\MacroManager</Filter>
    </ClInclude>
    <ClInclude Include="..\include\MicroUnitControl.h">
      <Filter>Addon Managers\MacroManager</Filter>
    </ClInclude>
    <ClInclude Include="..\include\MineManager.h">
      <Filter>Addon Managers\MacroManager</Filter>
    </ClInclude>
    <ClInclude Include="..\include\AllUsefulPlans.h">
      <Filter>Addon Managers\Simulator</Filter>
    </ClInclude>
    <ClInclude Include="..\include\EnemyStandard.h">
      <Filter>Addon Managers\Simulator</Filter>
    </ClInclude>
    <ClInclude Include="..\include\Simulator.h">
      <Filter>Addon Managers\Simulator</Filter>
    </ClInclude>
    <ClInclude Include="..\include\ScoutManager.h">
      <Filter>Addon Managers\Scout Manager</Filter>
    </ClInclude>
    <ClInclude Include="..\include\ScoutController.h">
      <Filter>Addon Managers\Scout Manager\ScoutController-PF</Filter>
    </ClInclude>
    <ClInclude Include="..\include\GameFlow.h">
      <Filter>Addon Managers\Game Rules</Filter>
    </ClInclude>
    <ClInclude Include="..\include\vsProtossRules.h">
      <Filter>Addon Managers\Game Rules</Filter>
    </ClInclude>
    <ClInclude Include="..\include\TerrainGraph.h">
      <Filter>Addon Managers\Terrain Graph</Filter>
    </ClInclude>
    <ClInclude Include="..\include\Config.h">
      <Filter>Addon Managers\Helper</Filter>
    </ClInclude>
    <ClInclude Include="..\include\Helper.h">
      <Filter>Addon Managers\Helper</Filter>
    </ClInclude>
    <ClInclude Include="..\include\PFFunctions.h">
      <Filter>Addon Managers\Helper</Filter>
    </ClInclude>
    <ClInclude Include="..\include\Vector2.h">
      <Filter>Addon Managers\Helper</Filter>
    </ClInclude>
    <ClInclude Include="..\include\json\json-forwards.h">
      <Filter>Addon Managers\Helper\json</Filter>
    </ClInclude>
    <ClInclude Include="..\include\json\json.h">
      <Filter>Addon Managers\Helper\json</Filter>
    </ClInclude>
    <ClInclude Include="..\include\Common.h">
      <Filter>Header Files</Filter>
    </ClInclude>
    <ClInclude Include="Source\ICEStarCraft.h">
      <Filter>Header Files</Filter>
    </ClInclude>
    <ClInclude Include="..\include\RectangleArray.h">
      <Filter>Header Files</Filter>
    </ClInclude>
  </ItemGroup>
</Project>