<?xml version="1.0" encoding="utf-8"?>
<Project ToolsVersion="4.0" xmlns="http://schemas.microsoft.com/developer/msbuild/2003">
  <ItemGroup>
    <Filter Include="Source Files">
      <UniqueIdentifier>{4FC737F1-C7A5-4376-A066-2A32D752A2FF}</UniqueIdentifier>
      <Extensions>cpp;c;cc;cxx;def;odl;idl;hpj;bat;asm;asmx</Extensions>
    </Filter>
    <Filter Include="Resource Files">
      <UniqueIdentifier>{67DA6AB6-F800-4c08-8B7A-83BB121AAD01}</UniqueIdentifier>
      <Extensions>rc;ico;cur;bmp;dlg;rc2;rct;bin;rgs;gif;jpg;jpeg;jpe;resx;tiff;tif;png;wav</Extensions>
    </Filter>
    <Filter Include="Addon Managers">
      <UniqueIdentifier>{da00345f-baad-4e12-abe2-c2cd4d8b2320}</UniqueIdentifier>
    </Filter>
    <Filter Include="Addon Managers\UnitGroup Manager">
      <UniqueIdentifier>{3f897ff3-6b92-4c5b-a4f6-4684e4d07b5b}</UniqueIdentifier>
    </Filter>
    <Filter Include="Addon Managers\Worker Manager">
      <UniqueIdentifier>{1adf0ba7-7366-4019-80ef-519532defea2}</UniqueIdentifier>
    </Filter>
    <Filter Include="Addon Managers\Information Manager">
      <UniqueIdentifier>{a55c9edc-8302-4431-b83c-f7cf401f1d03}</UniqueIdentifier>
    </Filter>
    <Filter Include="Addon Managers\Build Manager">
      <UniqueIdentifier>{2711792c-8b2e-4274-b919-bed53a2cae5c}</UniqueIdentifier>
    </Filter>
    <Filter Include="Addon Managers\Base Manager">
      <UniqueIdentifier>{b300765f-fe81-4ae7-9e9c-a1283a973592}</UniqueIdentifier>
    </Filter>
    <Filter Include="Addon Managers\Supply Manager">
      <UniqueIdentifier>{4b03f19d-5f31-46e6-bc5b-c7accf2bf5c3}</UniqueIdentifier>
    </Filter>
    <Filter Include="Addon Managers\Building Placer">
      <UniqueIdentifier>{12ed9029-12b4-4e97-ac7e-a35d18b6ef5d}</UniqueIdentifier>
    </Filter>
    <Filter Include="Addon Managers\Arbitrator">
      <UniqueIdentifier>{6a3911cc-6d17-4238-8dad-e13a33b437bc}</UniqueIdentifier>
    </Filter>
    <Filter Include="Addon Managers\TechManager">
      <UniqueIdentifier>{20ed46a7-ef1e-4e07-b10e-8a86fb340ac2}</UniqueIdentifier>
    </Filter>
    <Filter Include="Addon Managers\UpgradeManager">
      <UniqueIdentifier>{5c6a747f-e45c-4f90-8772-11acd514ae04}</UniqueIdentifier>
    </Filter>
    <Filter Include="Addon Managers\BuildOrderManager">
      <UniqueIdentifier>{4917ce65-68e0-49da-b6ed-331742f96b32}</UniqueIdentifier>
    </Filter>
    <Filter Include="Addon Managers\Terrain Manager">
      <UniqueIdentifier>{0759b27c-ef47-4e48-af4b-6110484290d2}</UniqueIdentifier>
    </Filter>
    <Filter Include="Addon Managers\MacroManager">
      <UniqueIdentifier>{4babc11a-5839-46e1-8bec-5553382a1aed}</UniqueIdentifier>
    </Filter>
    <Filter Include="Addon Managers\Simulator">
      <UniqueIdentifier>{d2fad0f3-cb12-4384-a430-968a43595a86}</UniqueIdentifier>
    </Filter>
    <Filter Include="Addon Managers\Scout Manager">
      <UniqueIdentifier>{7b0b8fd9-3dfb-43fb-948b-29a6e05de13f}</UniqueIdentifier>
    </Filter>
    <Filter Include="Addon Managers\Scout Manager\ScoutController-PF">
      <UniqueIdentifier>{beb71ce5-5c93-480c-8385-ee552760fb06}</UniqueIdentifier>
    </Filter>
    <Filter Include="Addon Managers\Game Rules">
      <UniqueIdentifier>{d6bca91e-3a3d-41ec-91e0-cb7ff37739cd}</UniqueIdentifier>
    </Filter>
    <Filter Include="Addon Managers\Terrain Graph">
      <UniqueIdentifier>{0ab10b8d-0ee0-4f71-bbb8-b80ed8e6c670}</UniqueIdentifier>
    </Filter>
    <Filter Include="Addon Managers\Helper">
      <UniqueIdentifier>{7db1ef46-8d2a-4c4a-97e7-4b234e45be26}</UniqueIdentifier>
    </Filter>
    <Filter Include="Header Files">
      <UniqueIdentifier>{93995380-89BD-4b04-88EB-625FBE52EBFB}</UniqueIdentifier>
      <Extensions>h;hpp;hxx;hm;inl;inc;xsd</Extensions>
    </Filter>
  </ItemGroup>
  <ItemGroup>
    <ClCompile Include="Addon Managers\Common.cpp">
      <Filter>Source Files</Filter>
    </ClCompile>
    <ClCompile Include="Source\Dll.cpp">
      <Filter>Source Files</Filter>
    </ClCompile>
    <ClCompile Include="Addon Managers\EnhancedUI.cpp">
      <Filter>Source Files</Filter>
    </ClCompile>
    <ClCompile Include="Source\ICEStarCraft.cpp">
      <Filter>Source Files</Filter>
    </ClCompile>
    <ClCompile Include="Addon Managers\UnitGroup.cpp">
      <Filter>Addon Managers\UnitGroup Manager</Filter>
    </ClCompile>
    <ClCompile Include="Addon Managers\UnitGroupManager.cpp">
      <Filter>Addon Managers\UnitGroup Manager</Filter>
    </ClCompile>
    <ClCompile Include="Addon Managers\WorkerManager.cpp">
      <Filter>Addon Managers\Worker Manager</Filter>
    </ClCompile>
    <ClCompile Include="Addon Managers\EnemyUnit.cpp">
      <Filter>Addon Managers\Information Manager</Filter>
    </ClCompile>
    <ClCompile Include="Addon Managers\InformationManager.cpp">
      <Filter>Addon Managers\Information Manager</Filter>
    </ClCompile>
    <ClCompile Include="Addon Managers\MentalState.cpp">
      <Filter>Addon Managers\Information Manager</Filter>
    </ClCompile>
    <ClCompile Include="Addon Managers\BuildManager.cpp">
      <Filter>Addon Managers\Build Manager</Filter>
    </ClCompile>
    <ClCompile Include="Addon Managers\ConstructionManager.cpp">
      <Filter>Addon Managers\Build Manager</Filter>
    </ClCompile>
    <ClCompile Include="Addon Managers\ProductionManager.cpp">
      <Filter>Addon Managers\Build Manager</Filter>
    </ClCompile>
    <ClCompile Include="Addon Managers\Base.cpp">
      <Filter>Addon Managers\Base Manager</Filter>
    </ClCompile>
    <ClCompile Include="Addon Managers\BaseManager.cpp">
      <Filter>Addon Managers\Base Manager</Filter>
    </ClCompile>
    <ClCompile Include="Addon Managers\SupplyManager.cpp">
      <Filter>Addon Managers\Supply Manager</Filter>
    </ClCompile>
    <ClCompile Include="Addon Managers\BuildingPlacer.cpp">
      <Filter>Addon Managers\Building Placer</Filter>
    </ClCompile>
    <ClCompile Include="Addon Managers\TechManager.cpp">
      <Filter>Addon Managers\TechManager</Filter>
    </ClCompile>
    <ClCompile Include="Addon Managers\UpgradeManager.cpp">
      <Filter>Addon Managers\UpgradeManager</Filter>
    </ClCompile>
    <ClCompile Include="Addon Managers\BuildOrderManager.cpp">
      <Filter>Addon Managers\BuildOrderManager</Filter>
    </ClCompile>
    <ClCompile Include="Addon Managers\MetaUnit.cpp">
      <Filter>Addon Managers\BuildOrderManager</Filter>
    </ClCompile>
    <ClCompile Include="Addon Managers\UnitItem.cpp">
      <Filter>Addon Managers\BuildOrderManager</Filter>
    </ClCompile>
    <ClCompile Include="Addon Managers\MapInfo.cpp">
      <Filter>Addon Managers\Terrain Manager</Filter>
    </ClCompile>
    <ClCompile Include="Addon Managers\TerrainManager.cpp">
      <Filter>Addon Managers\Terrain Manager</Filter>
    </ClCompile>
    <ClCompile Include="Addon Managers\ArmyManager.cpp">
      <Filter>Addon Managers\MacroManager</Filter>
    </ClCompile>
    <ClCompile Include="Addon Managers\BaseDefenseManager.cpp">
      <Filter>Addon Managers\MacroManager</Filter>
    </ClCompile>
    <ClCompile Include="Addon Managers\BattleManager.cpp">
      <Filter>Addon Managers\MacroManager</Filter>
    </ClCompile>
    <ClCompile Include="Addon Managers\CommandRewrite.cpp">
      <Filter>Addon Managers\MacroManager</Filter>
    </ClCompile>
    <ClCompile Include="Addon Managers\DropManager.cpp">
      <Filter>Addon Managers\MacroManager</Filter>
    </ClCompile>
    <ClCompile Include="..\include\MacroUnitControl.cpp">
      <Filter>Addon Managers\MacroManager</Filter>
    </ClCompile>
    <ClCompile Include="Addon Managers\MicroUnitControl.cpp">
      <Filter>Addon Managers\MacroManager</Filter>
    </ClCompile>
    <ClCompile Include="Addon Managers\MineManager.cpp">
      <Filter>Addon Managers\MacroManager</Filter>
    </ClCompile>
    <ClCompile Include="Addon Managers\EnemyStandard.cpp">
      <Filter>Addon Managers\Simulator</Filter>
    </ClCompile>
    <ClCompile Include="Addon Managers\Simulator.cpp">
      <Filter>Addon Managers\Simulator</Filter>
    </ClCompile>
    <ClCompile Include="Addon Managers\ScoutManager.cpp">
      <Filter>Addon Managers\Scout Manager</Filter>
    </ClCompile>
    <ClCompile Include="Addon Managers\ScoutController.cpp">
      <Filter>Addon Managers\Scout Manager\ScoutController-PF</Filter>
    </ClCompile>
    <ClCompile Include="Addon Managers\GameFlow.cpp">
      <Filter>Addon Managers\Game Rules</Filter>
    </ClCompile>
    <ClCompile Include="Addon Managers\vsProtossRules.cpp">
      <Filter>Addon Managers\Game Rules</Filter>
    </ClCompile>
    <ClCompile Include="Addon Managers\TerrainGraph.cpp">
      <Filter>Addon Managers\Terrain Graph</Filter>
    </ClCompile>
    <ClCompile Include="Addon Managers\Helper.cpp">
      <Filter>Addon Managers\Helper</Filter>
    </ClCompile>
    <ClCompile Include="Addon Managers\PFFunctions.cpp">
      <Filter>Addon Managers\Helper</Filter>
    </ClCompile>
    <ClCompile Include="Addon Managers\Vector2.cpp">
      <Filter>Addon Managers\Helper</Filter>
    </ClCompile>
  </ItemGroup>
  <ItemGroup>
    <ClInclude Include="..\include\EnhancedUI.h">
      <Filter>Source Files</Filter>
    </ClInclude>
    <ClInclude Include="..\include\UnitGroup.h">
      <Filter>Addon Managers\UnitGroup Manager</Filter>
    </ClInclude>
    <ClInclude Include="..\include\UnitGroupManager.h">
      <Filter>Addon Managers\UnitGroup Manager</Filter>
    </ClInclude>
    <ClInclude Include="..\include\WorkerManager.h">
      <Filter>Addon Managers\Worker Manager</Filter>
    </ClInclude>
    <ClInclude Include="..\include\EnemyUnit.h">
      <Filter>Addon Managers\Information Manager</Filter>
    </ClInclude>
    <ClInclude Include="..\include\InformationManager.h">
      <Filter>Addon Managers\Information Manager</Filter>
    </ClInclude>
    <ClInclude Include="..\include\MentalState.h">
      <Filter>Addon Managers\Information Manager</Filter>
    </ClInclude>
    <ClInclude Include="..\include\BuildManager.h">
      <Filter>Addon Managers\Build Manager</Filter>
    </ClInclude>
    <ClInclude Include="..\include\ConstructionManager.h">
      <Filter>Addon Managers\Build Manager</Filter>
    </ClInclude>
    <ClInclude Include="..\include\ProductionManager.h">
      <Filter>Addon Managers\Build Manager</Filter>
    </ClInclude>
    <ClInclude Include="..\include\Base.h">
      <Filter>Addon Managers\Base Manager</Filter>
    </ClInclude>
    <ClInclude Include="..\include\BaseManager.h">
      <Filter>Addon Managers\Base Manager</Filter>
    </ClInclude>
    <ClInclude Include="..\include\SupplyManager.h">
      <Filter>Addon Managers\Supply Manager</Filter>
    </ClInclude>
    <ClInclude Include="..\include\BuildingPlacer.h">
      <Filter>Addon Managers\Building Placer</Filter>
    </ClInclude>
    <ClInclude Include="..\include\Arbitrator.h">
      <Filter>Addon Managers\Arbitrator</Filter>
    </ClInclude>
    <ClInclude Include="..\include\Controller.h">
      <Filter>Addon Managers\Arbitrator</Filter>
    </ClInclude>
    <ClInclude Include="..\include\Heap.h">
      <Filter>Addon Managers\Arbitrator</Filter>
    </ClInclude>
    <ClInclude Include="..\include\TechManager.h">
      <Filter>Addon Managers\TechManager</Filter>
    </ClInclude>
    <ClInclude Include="..\include\UpgradeManager.h">
      <Filter>Addon Managers\UpgradeManager</Filter>
    </ClInclude>
    <ClInclude Include="..\include\BuildOrderManager.h">
      <Filter>Addon Managers\BuildOrderManager</Filter>
    </ClInclude>
    <ClInclude Include="..\include\TechItem.h">
      <Filter>Addon Managers\BuildOrderManager</Filter>
    </ClInclude>
    <ClInclude Include="..\include\UnitItem.h">
      <Filter>Addon Managers\BuildOrderManager</Filter>
    </ClInclude>
    <ClInclude Include="..\include\MapInfo.h">
      <Filter>Addon Managers\Terrain Manager</Filter>
    </ClInclude>
    <ClInclude Include="..\include\TerrainManager.h">
      <Filter>Addon Managers\Terrain Manager</Filter>
    </ClInclude>
    <ClInclude Include="..\include\ArmyManager.h">
      <Filter>Addon Managers\MacroManager</Filter>
    </ClInclude>
    <ClInclude Include="..\include\BaseDefenseManager.h">
      <Filter>Addon Managers\MacroManager</Filter>
    </ClInclude>
    <ClInclude Include="..\include\BattleManager.h">
      <Filter>Addon Managers\MacroManager</Filter>
    </ClInclude>
    <ClInclude Include="..\include\CommandRewrite.h">
      <Filter>Addon Managers\MacroManager</Filter>
    </ClInclude>
    <ClInclude Include="..\include\DropManager.h">
      <Filter>Addon Managers\MacroManager</Filter>
    </ClInclude>
    <ClInclude Include="..\include\MacroUnitControl.h">
      <Filter>Addon Managers\MacroManager</Filter>
    </ClInclude>
    <ClInclude Include="..\include\MicroUnitControl.h">
      <Filter>Addon Managers\MacroManager</Filter>
    </ClInclude>
    <ClInclude Include="..\include\MineManager.h">
      <Filter>Addon Managers\MacroManager</Filter>
    </ClInclude>
    <ClInclude Include="..\include\AllUsefulPlans.h">
      <Filter>Addon Managers\Simulator</Filter>
    </ClInclude>
    <ClInclude Include="..\include\EnemyStandard.h">
      <Filter>Addon Managers\Simulator</Filter>
    </ClInclude>
    <ClInclude Include="..\include\Simulator.h">
      <Filter>Addon Managers\Simulator</Filter>
    </ClInclude>
    <ClInclude Include="..\include\ScoutManager.h">
      <Filter>Addon Managers\Scout Manager</Filter>
    </ClInclude>
    <ClInclude Include="..\include\ScoutController.h">
      <Filter>Addon Managers\Scout Manager\ScoutController-PF</Filter>
    </ClInclude>
    <ClInclude Include="..\include\GameFlow.h">
      <Filter>Addon Managers\Game Rules</Filter>
    </ClInclude>
    <ClInclude Include="..\include\vsProtossRules.h">
      <Filter>Addon Managers\Game Rules</Filter>
    </ClInclude>
    <ClInclude Include="..\include\TerrainGraph.h">
      <Filter>Addon Managers\Terrain Graph</Filter>
    </ClInclude>
    <ClInclude Include="..\include\Helper.h">
      <Filter>Addon Managers\Helper</Filter>
    </ClInclude>
    <ClInclude Include="..\include\PFFunctions.h">
      <Filter>Addon Managers\Helper</Filter>
    </ClInclude>
    <ClInclude Include="..\include\Vector2.h">
      <Filter>Addon Managers\Helper</Filter>
    </ClInclude>
    <ClInclude Include="..\include\Common.h">
      <Filter>Header Files</Filter>
    </ClInclude>
    <ClInclude Include="Source\ICEStarCraft.h">
      <Filter>Header Files</Filter>
    </ClInclude>
    <ClInclude Include="..\include\RectangleArray.h">
      <Filter>Header Files</Filter>
    </ClInclude>
  </ItemGroup>
</Project>